
Microsoft Visual Studio Solution File, Format Version 12.00
# Visual Studio Version 16
VisualStudioVersion = 16.0.31605.320
MinimumVisualStudioVersion = 10.0.40219.1
Project("{FAE04EC0-301F-11D3-BF4B-00C04F79EFBC}") = "PokemonObjectsAndStuff", "PokemonObjectsAndStuff.csproj", "{6F18784B-36E3-4F5E-9116-B272E3DB27E4}"
EndProject
Global
	GlobalSection(SolutionConfigurationPlatforms) = preSolution
		Debug|Any CPU = Debug|Any CPU
		Release|Any CPU = Release|Any CPU
	EndGlobalSection
	GlobalSection(ProjectConfigurationPlatforms) = postSolution
		{6F18784B-36E3-4F5E-9116-B272E3DB27E4}.Debug|Any CPU.ActiveCfg = Debug|Any CPU
		{6F18784B-36E3-4F5E-9116-B272E3DB27E4}.Debug|Any CPU.Build.0 = Debug|Any CPU
		{6F18784B-36E3-4F5E-9116-B272E3DB27E4}.Release|Any CPU.ActiveCfg = Release|Any CPU
		{6F18784B-36E3-4F5E-9116-B272E3DB27E4}.Release|Any CPU.Build.0 = Release|Any CPU
	EndGlobalSection
	GlobalSection(SolutionProperties) = preSolution
		HideSolutionNode = FALSE
	EndGlobalSection
	GlobalSection(ExtensibilityGlobals) = postSolution
		SolutionGuid = {159F5228-9839-4967-A2BC-147A09A840A9}
	EndGlobalSection
EndGlobal
